{
  "version": 4,
  "terraform_version": "1.9.8",
  "serial": 4,
  "lineage": "161341a8-bbd2-a269-5a80-1344e7e456f0",
  "outputs": {},
  "resources": [
    {
      "mode": "data",
      "type": "terraform_remote_state",
      "name": "postgresSQL_state",
      "provider": "provider[\"terraform.io/builtin/terraform\"]",
      "instances": [
        {
          "schema_version": 0,
          "attributes": {
            "backend": "s3",
            "config": {
              "value": {
                "bucket": "mysnaatak-p11-statefile-test1",
                "key": "env/dev/application/attendance/terraform.tfstate",
                "region": "us-east-1"
              },
              "type": [
                "object",
                {
                  "bucket": "string",
                  "key": "string",
                  "region": "string"
                }
              ]
            },
            "defaults": null,
            "outputs": {
              "value": {
                "attendance_asg_name": "attendance-asg",
                "attendance_launch_template_id": "lt-0cc47661d98de809f",
                "attendance_security_group_id": "sg-04f1aae33bb4a1810",
                "attendance_target_group_arn": "arn:aws:elasticloadbalancing:us-east-1:116981807600:targetgroup/attendance-tg/d560aff908dde629"
              },
              "type": [
                "object",
                {
                  "attendance_asg_name": "string",
                  "attendance_launch_template_id": "string",
                  "attendance_security_group_id": "string",
                  "attendance_target_group_arn": "string"
                }
              ]
            },
            "workspace": null
          },
          "sensitive_attributes": []
        }
      ]
    },
    {
      "module": "module.postgresSQL",
      "mode": "data",
      "type": "terraform_remote_state",
      "name": "asg_state",
      "provider": "provider[\"terraform.io/builtin/terraform\"]",
      "instances": [
        {
          "schema_version": 0,
          "attributes": {
            "backend": "s3",
            "config": {
              "value": {
                "bucket": "mysnaatak-p11-statefile-test1",
                "key": "env/dev/application/frontend/terraform.tfstate",
                "region": "us-east-1"
              },
              "type": [
                "object",
                {
                  "bucket": "string",
                  "key": "string",
                  "region": "string"
                }
              ]
            },
            "defaults": null,
            "outputs": {
              "value": {
                "asg_name": "frontend-asg",
                "http_listener_arn": "arn:aws:elasticloadbalancing:us-east-1:116981807600:listener/app/tf-lb-20250125145417345600000005/2752c11d3d492054/5e9b442fee14ba6c",
                "launch_template_id": "lt-0da96e2dbf2932a33",
                "security_group_id": "sg-0745f5820a43a71c5",
                "target_group_arn": "arn:aws:elasticloadbalancing:us-east-1:116981807600:targetgroup/frontend-tg/d0e09068805559b5"
              },
              "type": [
                "object",
                {
                  "asg_name": "string",
                  "http_listener_arn": "string",
                  "launch_template_id": "string",
                  "security_group_id": "string",
                  "target_group_arn": "string"
                }
              ]
            },
            "workspace": null
          },
          "sensitive_attributes": []
        }
      ]
    },
    {
      "module": "module.postgresSQL",
      "mode": "data",
      "type": "terraform_remote_state",
      "name": "attendance_state",
      "provider": "provider[\"terraform.io/builtin/terraform\"]",
      "instances": [
        {
          "schema_version": 0,
          "attributes": {
            "backend": "s3",
            "config": {
              "value": {
                "bucket": "mysnaatak-p11-statefile-test1",
                "key": "env/dev/application/attendance/terraform.tfstate",
                "region": "us-east-1"
              },
              "type": [
                "object",
                {
                  "bucket": "string",
                  "key": "string",
                  "region": "string"
                }
              ]
            },
            "defaults": null,
            "outputs": {
              "value": {
                "attendance_asg_name": "attendance-asg",
                "attendance_launch_template_id": "lt-0cc47661d98de809f",
                "attendance_security_group_id": "sg-04f1aae33bb4a1810",
                "attendance_target_group_arn": "arn:aws:elasticloadbalancing:us-east-1:116981807600:targetgroup/attendance-tg/d560aff908dde629"
              },
              "type": [
                "object",
                {
                  "attendance_asg_name": "string",
                  "attendance_launch_template_id": "string",
                  "attendance_security_group_id": "string",
                  "attendance_target_group_arn": "string"
                }
              ]
            },
            "workspace": null
          },
          "sensitive_attributes": []
        }
      ]
    },
    {
      "module": "module.postgresSQL",
      "mode": "data",
      "type": "terraform_remote_state",
      "name": "employee_state",
      "provider": "provider[\"terraform.io/builtin/terraform\"]",
      "instances": [
        {
          "schema_version": 0,
          "attributes": {
            "backend": "s3",
            "config": {
              "value": {
                "bucket": "mysnaatak-p11-statefile-test1",
                "key": "env/dev/application/employee/terraform.tfstate",
                "region": "us-east-1"
              },
              "type": [
                "object",
                {
                  "bucket": "string",
                  "key": "string",
                  "region": "string"
                }
              ]
            },
            "defaults": null,
            "outputs": {
              "value": {
                "employee_asg_name": "employee-asg",
                "employee_security_group_id": "sg-03cec89a7620afafc",
                "employee_target_group_arn": "arn:aws:elasticloadbalancing:us-east-1:116981807600:targetgroup/employee-tg/25c4adb1610bccf9",
                "employee_template_id": "lt-0c22afd54e2616e8f"
              },
              "type": [
                "object",
                {
                  "employee_asg_name": "string",
                  "employee_security_group_id": "string",
                  "employee_target_group_arn": "string",
                  "employee_template_id": "string"
                }
              ]
            },
            "workspace": null
          },
          "sensitive_attributes": []
        }
      ]
    },
    {
      "module": "module.postgresSQL",
      "mode": "data",
      "type": "terraform_remote_state",
      "name": "network_skeleton_state",
      "provider": "provider[\"terraform.io/builtin/terraform\"]",
      "instances": [
        {
          "schema_version": 0,
          "attributes": {
            "backend": "s3",
            "config": {
              "value": {
                "bucket": "mysnaatak-p11-statefile-test1",
                "key": "env/dev/network_skeleton/module/terraform.tfstate",
                "region": "us-east-1"
              },
              "type": [
                "object",
                {
                  "bucket": "string",
                  "key": "string",
                  "region": "string"
                }
              ]
            },
            "defaults": null,
            "outputs": {
              "value": {
                "alb_arn": "arn:aws:elasticloadbalancing:us-east-1:116981807600:loadbalancer/app/tf-lb-20250125145417345600000005/2752c11d3d492054",
                "alb_dns_name": "tf-lb-20250125145417345600000005-1319133978.us-east-1.elb.amazonaws.com",
                "application_subnet_id": "subnet-079fa23c1e645c14e",
                "database_subnet_id": "subnet-0c30f9befdd1cd274",
                "frontend_subnet_id": "subnet-0023fa564c0d68b19",
                "internet_gateway_id": "igw-070ea64dbef2f7271",
                "load_balancer_sg_id": "sg-02e023bb5089f53cd",
                "nat_gw_id": "nat-02dffccbc1e82ee17",
                "public_route_table_id": "rtb-0f973bf3a3a8fd16e",
                "public_subnets_id": [
                  "subnet-057b9f71691b7d461",
                  "subnet-0dee24161a99fc8ed"
                ],
                "vpc_id": "vpc-0b6b8c518b526a851"
              },
              "type": [
                "object",
                {
                  "alb_arn": "string",
                  "alb_dns_name": "string",
                  "application_subnet_id": "string",
                  "database_subnet_id": "string",
                  "frontend_subnet_id": "string",
                  "internet_gateway_id": "string",
                  "load_balancer_sg_id": "string",
                  "nat_gw_id": "string",
                  "public_route_table_id": "string",
                  "public_subnets_id": [
                    "tuple",
                    [
                      "string",
                      "string"
                    ]
                  ],
                  "vpc_id": "string"
                }
              ]
            },
            "workspace": null
          },
          "sensitive_attributes": []
        }
      ]
    },
    {
      "module": "module.postgresSQL",
      "mode": "data",
      "type": "terraform_remote_state",
      "name": "salary_state",
      "provider": "provider[\"terraform.io/builtin/terraform\"]",
      "instances": [
        {
          "schema_version": 0,
          "attributes": {
            "backend": "s3",
            "config": {
              "value": {
                "bucket": "mysnaatak-p11-statefile-test1",
                "key": "env/dev/application/salary/terraform.tfstate",
                "region": "us-east-1"
              },
              "type": [
                "object",
                {
                  "bucket": "string",
                  "key": "string",
                  "region": "string"
                }
              ]
            },
            "defaults": null,
            "outputs": {
              "value": {
                "launch_template_id": "lt-05a30ea41c0d8d491",
                "salary_asg_name": "salary-asg",
                "salary_security_group_id": "sg-0da6add5da1c4fdd2",
                "salary_target_group_arn": "arn:aws:elasticloadbalancing:us-east-1:116981807600:targetgroup/salary-tg/da96996db7a9ecf7"
              },
              "type": [
                "object",
                {
                  "launch_template_id": "string",
                  "salary_asg_name": "string",
                  "salary_security_group_id": "string",
                  "salary_target_group_arn": "string"
                }
              ]
            },
            "workspace": null
          },
          "sensitive_attributes": []
        }
      ]
    },
    {
      "module": "module.postgresSQL",
      "mode": "managed",
      "type": "aws_instance",
      "name": "database_server",
      "provider": "provider[\"registry.terraform.io/hashicorp/aws\"]",
      "instances": [
        {
          "schema_version": 1,
          "attributes": {
            "ami": "ami-04b4f1a9cf54c11d0",
            "arn": "arn:aws:ec2:us-east-1:116981807600:instance/i-038d00c366f708c6d",
            "associate_public_ip_address": false,
            "availability_zone": "us-east-1a",
            "capacity_reservation_specification": [
              {
                "capacity_reservation_preference": "open",
                "capacity_reservation_target": []
              }
            ],
            "cpu_core_count": 1,
            "cpu_options": [
              {
                "amd_sev_snp": "",
                "core_count": 1,
                "threads_per_core": 1
              }
            ],
            "cpu_threads_per_core": 1,
            "credit_specification": [
              {
                "cpu_credits": "standard"
              }
            ],
            "disable_api_stop": false,
            "disable_api_termination": false,
            "ebs_block_device": [
              {
                "delete_on_termination": true,
                "device_name": "/dev/sda1",
                "encrypted": false,
                "iops": 100,
                "kms_key_id": "",
                "snapshot_id": "",
                "tags": {},
                "tags_all": {},
                "throughput": 0,
                "volume_id": "vol-08c35132656d2e2a3",
                "volume_size": 20,
                "volume_type": "gp2"
              }
            ],
            "ebs_optimized": false,
            "enable_primary_ipv6": null,
            "enclave_options": [
              {
                "enabled": false
              }
            ],
            "ephemeral_block_device": [],
            "get_password_data": false,
            "hibernation": false,
            "host_id": "",
            "host_resource_group_arn": null,
            "iam_instance_profile": "",
            "id": "i-038d00c366f708c6d",
            "instance_initiated_shutdown_behavior": "stop",
            "instance_lifecycle": "",
            "instance_market_options": [],
            "instance_state": "running",
            "instance_type": "t2.micro",
            "ipv6_address_count": 0,
            "ipv6_addresses": [],
            "key_name": "otms",
            "launch_template": [],
            "maintenance_options": [
              {
                "auto_recovery": "default"
              }
            ],
            "metadata_options": [
              {
                "http_endpoint": "enabled",
                "http_protocol_ipv6": "disabled",
                "http_put_response_hop_limit": 2,
                "http_tokens": "required",
                "instance_metadata_tags": "disabled"
              }
            ],
            "monitoring": false,
            "network_interface": [],
            "outpost_arn": "",
            "password_data": "",
            "placement_group": "",
            "placement_partition_number": 0,
            "primary_network_interface_id": "eni-063b2c7286d1bfa48",
            "private_dns": "ip-192-168-0-53.ec2.internal",
            "private_dns_name_options": [
              {
                "enable_resource_name_dns_a_record": false,
                "enable_resource_name_dns_aaaa_record": false,
                "hostname_type": "ip-name"
              }
            ],
            "private_ip": "192.168.0.53",
            "public_dns": "",
            "public_ip": "",
            "root_block_device": [
              {
                "delete_on_termination": true,
                "device_name": "/dev/sda1",
                "encrypted": false,
                "iops": 100,
                "kms_key_id": "",
                "tags": {},
                "tags_all": {},
                "throughput": 0,
                "volume_id": "vol-08c35132656d2e2a3",
                "volume_size": 20,
                "volume_type": "gp2"
              }
            ],
            "secondary_private_ips": [],
            "security_groups": [
              "sg-03e5e1f3d11b534b2"
            ],
            "source_dest_check": true,
            "spot_instance_request_id": "",
            "subnet_id": "subnet-0c30f9befdd1cd274",
            "tags": {
              "Environment": "dev",
              "Name": "dev-postgresSql-server"
            },
            "tags_all": {
              "Environment": "dev",
              "Name": "dev-postgresSql-server"
            },
            "tenancy": "default",
            "timeouts": null,
            "user_data": null,
            "user_data_base64": null,
            "user_data_replace_on_change": false,
            "volume_tags": null,
            "vpc_security_group_ids": [
              "sg-03e5e1f3d11b534b2"
            ]
          },
          "sensitive_attributes": [],
          "private": "eyJlMmJmYjczMC1lY2FhLTExZTYtOGY4OC0zNDM2M2JjN2M0YzAiOnsiY3JlYXRlIjo2MDAwMDAwMDAwMDAsImRlbGV0ZSI6MTIwMDAwMDAwMDAwMCwicmVhZCI6OTAwMDAwMDAwMDAwLCJ1cGRhdGUiOjYwMDAwMDAwMDAwMH0sInNjaGVtYV92ZXJzaW9uIjoiMSJ9",
          "dependencies": [
            "module.postgresSQL.aws_security_group.security_group",
            "module.postgresSQL.data.terraform_remote_state.attendance_state",
            "module.postgresSQL.data.terraform_remote_state.employee_state",
            "module.postgresSQL.data.terraform_remote_state.network_skeleton_state",
            "module.postgresSQL.data.terraform_remote_state.salary_state"
          ]
        }
      ]
    },
    {
      "module": "module.postgresSQL",
      "mode": "managed",
      "type": "aws_lb_listener_rule",
      "name": "lb_listener_rule",
      "provider": "provider[\"registry.terraform.io/hashicorp/aws\"]",
      "instances": [
        {
          "schema_version": 0,
          "attributes": {
            "action": [
              {
                "authenticate_cognito": [],
                "authenticate_oidc": [],
                "fixed_response": [],
                "forward": [],
                "order": 1,
                "redirect": [],
                "target_group_arn": "arn:aws:elasticloadbalancing:us-east-1:116981807600:targetgroup/attendance-tg/d560aff908dde629",
                "type": "forward"
              }
            ],
            "arn": "arn:aws:elasticloadbalancing:us-east-1:116981807600:listener-rule/app/tf-lb-20250125145417345600000005/2752c11d3d492054/5e9b442fee14ba6c/4ad719edfb793e95",
            "condition": [
              {
                "host_header": [],
                "http_header": [],
                "http_request_method": [],
                "path_pattern": [
                  {
                    "values": [
                      "/api/v1/attendance/*",
                      "/apidocs/*",
                      "/apispec_1.json",
                      "/flasgger_static/*"
                    ]
                  }
                ],
                "query_string": [],
                "source_ip": []
              }
            ],
            "id": "arn:aws:elasticloadbalancing:us-east-1:116981807600:listener-rule/app/tf-lb-20250125145417345600000005/2752c11d3d492054/5e9b442fee14ba6c/4ad719edfb793e95",
            "listener_arn": "arn:aws:elasticloadbalancing:us-east-1:116981807600:listener/app/tf-lb-20250125145417345600000005/2752c11d3d492054/5e9b442fee14ba6c",
            "priority": 4,
            "tags": null,
            "tags_all": {}
          },
          "sensitive_attributes": [],
          "private": "bnVsbA==",
          "dependencies": [
            "data.terraform_remote_state.postgresSQL_state",
            "module.postgresSQL.data.terraform_remote_state.asg_state"
          ]
        }
      ]
    },
    {
      "module": "module.postgresSQL",
      "mode": "managed",
      "type": "aws_security_group",
      "name": "security_group",
      "provider": "provider[\"registry.terraform.io/hashicorp/aws\"]",
      "instances": [
        {
          "schema_version": 1,
          "attributes": {
            "arn": "arn:aws:ec2:us-east-1:116981807600:security-group/sg-03e5e1f3d11b534b2",
            "description": "Managed by Terraform",
            "egress": [
              {
                "cidr_blocks": [
                  "0.0.0.0/0"
                ],
                "description": "",
                "from_port": 0,
                "ipv6_cidr_blocks": [],
                "prefix_list_ids": [],
                "protocol": "-1",
                "security_groups": [],
                "self": false,
                "to_port": 0
              }
            ],
            "id": "sg-03e5e1f3d11b534b2",
            "ingress": [
              {
                "cidr_blocks": [],
                "description": "Allow traffic from attendance on port 8080",
                "from_port": 5432,
                "ipv6_cidr_blocks": [],
                "prefix_list_ids": [],
                "protocol": "tcp",
                "security_groups": [
                  "sg-04f1aae33bb4a1810"
                ],
                "self": false,
                "to_port": 5432
              }
            ],
            "name": "terraform-20250125161939346000000001",
            "name_prefix": "terraform-",
            "owner_id": "116981807600",
            "revoke_rules_on_delete": false,
            "tags": {
              "Environment": "dev",
              "Name": "dev-postgresSql-sg"
            },
            "tags_all": {
              "Environment": "dev",
              "Name": "dev-postgresSql-sg"
            },
            "timeouts": null,
            "vpc_id": "vpc-0b6b8c518b526a851"
          },
          "sensitive_attributes": [],
          "private": "eyJlMmJmYjczMC1lY2FhLTExZTYtOGY4OC0zNDM2M2JjN2M0YzAiOnsiY3JlYXRlIjo2MDAwMDAwMDAwMDAsImRlbGV0ZSI6OTAwMDAwMDAwMDAwfSwic2NoZW1hX3ZlcnNpb24iOiIxIn0=",
          "dependencies": [
            "module.postgresSQL.data.terraform_remote_state.attendance_state",
            "module.postgresSQL.data.terraform_remote_state.employee_state",
            "module.postgresSQL.data.terraform_remote_state.network_skeleton_state",
            "module.postgresSQL.data.terraform_remote_state.salary_state"
          ]
        }
      ]
    }
  ],
  "check_results": [
    {
      "object_kind": "var",
      "config_addr": "var.instance_type",
      "status": "pass",
      "objects": [
        {
          "object_addr": "var.instance_type",
          "status": "pass"
        }
      ]
    },
    {
      "object_kind": "var",
      "config_addr": "module.postgresSQL.var.instance_type",
      "status": "pass",
      "objects": [
        {
          "object_addr": "module.postgresSQL.var.instance_type",
          "status": "pass"
        }
      ]
    }
  ]
}
